
Microsoft Visual Studio Solution File, Format Version 12.00
# Visual Studio Version 16
VisualStudioVersion = 16.0.29806.167
MinimumVisualStudioVersion = 10.0.40219.1
Project("{FAE04EC0-301F-11D3-BF4B-00C04F79EFBC}") = "Chattprogram", "Chattprogram\Chattprogram.csproj", "{7B46F0F3-EEC1-4A72-938C-2AAF32796416}"
EndProject
Project("{9A19103F-16F7-4668-BE54-9A1E7A4F7556}") = "server for multi clients", "server for multi clients\server for multi clients.csproj", "{FBAD25D5-F3C0-4AD6-A1E9-25EB6E753B44}"
EndProject
Global
	GlobalSection(SolutionConfigurationPlatforms) = preSolution
		Debug|Any CPU = Debug|Any CPU
		Debug|x86 = Debug|x86
		Release|Any CPU = Release|Any CPU
		Release|x86 = Release|x86
	EndGlobalSection
	GlobalSection(ProjectConfigurationPlatforms) = postSolution
		{7B46F0F3-EEC1-4A72-938C-2AAF32796416}.Debug|Any CPU.ActiveCfg = Debug|x86
		{7B46F0F3-EEC1-4A72-938C-2AAF32796416}.Debug|x86.ActiveCfg = Debug|x86
		{7B46F0F3-EEC1-4A72-938C-2AAF32796416}.Debug|x86.Build.0 = Debug|x86
		{7B46F0F3-EEC1-4A72-938C-2AAF32796416}.Release|Any CPU.ActiveCfg = Release|x86
		{7B46F0F3-EEC1-4A72-938C-2AAF32796416}.Release|x86.ActiveCfg = Release|x86
		{7B46F0F3-EEC1-4A72-938C-2AAF32796416}.Release|x86.Build.0 = Release|x86
		{FBAD25D5-F3C0-4AD6-A1E9-25EB6E753B44}.Debug|Any CPU.ActiveCfg = Debug|Any CPU
		{FBAD25D5-F3C0-4AD6-A1E9-25EB6E753B44}.Debug|Any CPU.Build.0 = Debug|Any CPU
		{FBAD25D5-F3C0-4AD6-A1E9-25EB6E753B44}.Debug|x86.ActiveCfg = Debug|Any CPU
		{FBAD25D5-F3C0-4AD6-A1E9-25EB6E753B44}.Debug|x86.Build.0 = Debug|Any CPU
		{FBAD25D5-F3C0-4AD6-A1E9-25EB6E753B44}.Release|Any CPU.ActiveCfg = Release|Any CPU
		{FBAD25D5-F3C0-4AD6-A1E9-25EB6E753B44}.Release|Any CPU.Build.0 = Release|Any CPU
		{FBAD25D5-F3C0-4AD6-A1E9-25EB6E753B44}.Release|x86.ActiveCfg = Release|Any CPU
		{FBAD25D5-F3C0-4AD6-A1E9-25EB6E753B44}.Release|x86.Build.0 = Release|Any CPU
	EndGlobalSection
	GlobalSection(SolutionProperties) = preSolution
		HideSolutionNode = FALSE
	EndGlobalSection
	GlobalSection(ExtensibilityGlobals) = postSolution
		SolutionGuid = {E338A4E2-A919-46E0-8668-2F1C0ECD69E9}
	EndGlobalSection
EndGlobal
